// !$*UTF8*$!
{
	archiveVersion = 1;
	classes = {
	};
	objectVersion = 54;
	objects = {

/* Begin PBXBuildFile section */
		3AF67A5C25A64DBD00D360A7 /* VideoPlayerSwiftUIApp.swift in Sources */ = {isa = PBXBuildFile; fileRef = 3AF67A5B25A64DBD00D360A7 /* VideoPlayerSwiftUIApp.swift */; };
		3AF67A5E25A64DBD00D360A7 /* ContentView.swift in Sources */ = {isa = PBXBuildFile; fileRef = 3AF67A5D25A64DBD00D360A7 /* ContentView.swift */; };
		3AF67A6025A64DBF00D360A7 /* Assets.xcassets in Resources */ = {isa = PBXBuildFile; fileRef = 3AF67A5F25A64DBF00D360A7 /* Assets.xcassets */; };
		3AF67A6325A64DBF00D360A7 /* Preview Assets.xcassets in Resources */ = {isa = PBXBuildFile; fileRef = 3AF67A6225A64DBF00D360A7 /* Preview Assets.xcassets */; };
		3AF67A6E25A64DBF00D360A7 /* VideoPlayerSwiftUITests.swift in Sources */ = {isa = PBXBuildFile; fileRef = 3AF67A6D25A64DBF00D360A7 /* VideoPlayerSwiftUITests.swift */; };
		3AF67A7925A64DBF00D360A7 /* VideoPlayerSwiftUIUITests.swift in Sources */ = {isa = PBXBuildFile; fileRef = 3AF67A7825A64DBF00D360A7 /* VideoPlayerSwiftUIUITests.swift */; };
		767D452A4CBCD4A5F529FE5B /* Pods_VideoPlayerSwiftUI_VideoPlayerSwiftUIUITests.framework in Frameworks */ = {isa = PBXBuildFile; fileRef = 3F0A4406494C6BC8AF4AC50B /* Pods_VideoPlayerSwiftUI_VideoPlayerSwiftUIUITests.framework */; };
		785A57470110DE3B332BF242 /* Pods_VideoPlayerSwiftUI.framework in Frameworks */ = {isa = PBXBuildFile; fileRef = ED1B5E55B36EAE7FDDB78A2A /* Pods_VideoPlayerSwiftUI.framework */; };
		9E3145612BBA5CD6008FA113 /* Video.swift in Sources */ = {isa = PBXBuildFile; fileRef = 9E3145602BBA5CD6008FA113 /* Video.swift */; };
		9E3145662BBA5F42008FA113 /* SampleJSON.swift in Sources */ = {isa = PBXBuildFile; fileRef = 9E3145652BBA5F42008FA113 /* SampleJSON.swift */; };
		9E3145892BBB13F8008FA113 /* ContentView.swift in Sources */ = {isa = PBXBuildFile; fileRef = 3AF67A5D25A64DBD00D360A7 /* ContentView.swift */; };
		9E31458A2BBB13F8008FA113 /* Video.swift in Sources */ = {isa = PBXBuildFile; fileRef = 9E3145602BBA5CD6008FA113 /* Video.swift */; };
		9E31458B2BBB13F8008FA113 /* VideoPlayerSwiftUIApp.swift in Sources */ = {isa = PBXBuildFile; fileRef = 3AF67A5B25A64DBD00D360A7 /* VideoPlayerSwiftUIApp.swift */; };
		9E31458C2BBB13F8008FA113 /* SampleJSON.swift in Sources */ = {isa = PBXBuildFile; fileRef = 9E3145652BBA5F42008FA113 /* SampleJSON.swift */; };
		9E31458E2BBB13F8008FA113 /* Pods_VideoPlayerSwiftUI.framework in Frameworks */ = {isa = PBXBuildFile; fileRef = ED1B5E55B36EAE7FDDB78A2A /* Pods_VideoPlayerSwiftUI.framework */; };
		9E3145902BBB13F8008FA113 /* Preview Assets.xcassets in Resources */ = {isa = PBXBuildFile; fileRef = 3AF67A6225A64DBF00D360A7 /* Preview Assets.xcassets */; };
		9E3145912BBB13F8008FA113 /* Assets.xcassets in Resources */ = {isa = PBXBuildFile; fileRef = 3AF67A5F25A64DBF00D360A7 /* Assets.xcassets */; };
		9E31459A2BBB175C008FA113 /* VideoService.swift in Sources */ = {isa = PBXBuildFile; fileRef = 9E3145992BBB175C008FA113 /* VideoService.swift */; };
		9E31459B2BBB1C41008FA113 /* VideoService.swift in Sources */ = {isa = PBXBuildFile; fileRef = 9E3145992BBB175C008FA113 /* VideoService.swift */; };
		9E31459D2BBB5A0E008FA113 /* VideoServiceError.swift in Sources */ = {isa = PBXBuildFile; fileRef = 9E31459C2BBB5A0E008FA113 /* VideoServiceError.swift */; };
		9E31459E2BBB5A40008FA113 /* VideoServiceError.swift in Sources */ = {isa = PBXBuildFile; fileRef = 9E31459C2BBB5A0E008FA113 /* VideoServiceError.swift */; };
		9E3145A02BBB5A55008FA113 /* DataProvider.swift in Sources */ = {isa = PBXBuildFile; fileRef = 9E31459F2BBB5A55008FA113 /* DataProvider.swift */; };
		9E3145A12BBB5A55008FA113 /* DataProvider.swift in Sources */ = {isa = PBXBuildFile; fileRef = 9E31459F2BBB5A55008FA113 /* DataProvider.swift */; };
		9E3145A32BBB5A66008FA113 /* StagingDataProvider.swift in Sources */ = {isa = PBXBuildFile; fileRef = 9E3145A22BBB5A66008FA113 /* StagingDataProvider.swift */; };
		9E3145A42BBB5A66008FA113 /* StagingDataProvider.swift in Sources */ = {isa = PBXBuildFile; fileRef = 9E3145A22BBB5A66008FA113 /* StagingDataProvider.swift */; };
		9E3145A62BBB5A85008FA113 /* ProductionDataProvider.swift in Sources */ = {isa = PBXBuildFile; fileRef = 9E3145A52BBB5A85008FA113 /* ProductionDataProvider.swift */; };
		9E3145A72BBB5A85008FA113 /* ProductionDataProvider.swift in Sources */ = {isa = PBXBuildFile; fileRef = 9E3145A52BBB5A85008FA113 /* ProductionDataProvider.swift */; };
		9E3145AA2BBBCDFE008FA113 /* AVPlayerView.swift in Sources */ = {isa = PBXBuildFile; fileRef = 9E3145A92BBBCDFE008FA113 /* AVPlayerView.swift */; };
		9E3145AB2BBBCDFE008FA113 /* AVPlayerView.swift in Sources */ = {isa = PBXBuildFile; fileRef = 9E3145A92BBBCDFE008FA113 /* AVPlayerView.swift */; };
		9E3145AD2BBBCEAE008FA113 /* VideoPlayerControlsView.swift in Sources */ = {isa = PBXBuildFile; fileRef = 9E3145AC2BBBCEAE008FA113 /* VideoPlayerControlsView.swift */; };
		9E3145AE2BBBCEAE008FA113 /* VideoPlayerControlsView.swift in Sources */ = {isa = PBXBuildFile; fileRef = 9E3145AC2BBBCEAE008FA113 /* VideoPlayerControlsView.swift */; };
		9E3145B12BBBF391008FA113 /* AttributedTextView.swift in Sources */ = {isa = PBXBuildFile; fileRef = 9E3145B02BBBF391008FA113 /* AttributedTextView.swift */; };
		9E3145B22BBBF3C1008FA113 /* AttributedTextView.swift in Sources */ = {isa = PBXBuildFile; fileRef = 9E3145B02BBBF391008FA113 /* AttributedTextView.swift */; };
		9E3145B52BBC8325008FA113 /* ContentViewModel.swift in Sources */ = {isa = PBXBuildFile; fileRef = 9E3145B42BBC8325008FA113 /* ContentViewModel.swift */; };
		9E3145B62BBC8325008FA113 /* ContentViewModel.swift in Sources */ = {isa = PBXBuildFile; fileRef = 9E3145B42BBC8325008FA113 /* ContentViewModel.swift */; };
		A4D0518813BFDCF21E4386CD /* Pods_VideoPlayerSwiftUITests.framework in Frameworks */ = {isa = PBXBuildFile; fileRef = 88D33E5B408A29891E5B7CD2 /* Pods_VideoPlayerSwiftUITests.framework */; };
/* End PBXBuildFile section */

/* Begin PBXContainerItemProxy section */
		3AF67A6A25A64DBF00D360A7 /* PBXContainerItemProxy */ = {
			isa = PBXContainerItemProxy;
			containerPortal = 3AF67A5025A64DBD00D360A7 /* Project object */;
			proxyType = 1;
			remoteGlobalIDString = 3AF67A5725A64DBD00D360A7;
			remoteInfo = VideoPlayerSwiftUI;
		};
		3AF67A7525A64DBF00D360A7 /* PBXContainerItemProxy */ = {
			isa = PBXContainerItemProxy;
			containerPortal = 3AF67A5025A64DBD00D360A7 /* Project object */;
			proxyType = 1;
			remoteGlobalIDString = 3AF67A5725A64DBD00D360A7;
			remoteInfo = VideoPlayerSwiftUI;
		};
/* End PBXContainerItemProxy section */

/* Begin PBXFileReference section */
		3AF67A5825A64DBD00D360A7 /* VideoPlayerSwiftUI-production.app */ = {isa = PBXFileReference; explicitFileType = wrapper.application; includeInIndex = 0; path = "VideoPlayerSwiftUI-production.app"; sourceTree = BUILT_PRODUCTS_DIR; };
		3AF67A5B25A64DBD00D360A7 /* VideoPlayerSwiftUIApp.swift */ = {isa = PBXFileReference; lastKnownFileType = sourcecode.swift; path = VideoPlayerSwiftUIApp.swift; sourceTree = "<group>"; };
		3AF67A5D25A64DBD00D360A7 /* ContentView.swift */ = {isa = PBXFileReference; lastKnownFileType = sourcecode.swift; path = ContentView.swift; sourceTree = "<group>"; };
		3AF67A5F25A64DBF00D360A7 /* Assets.xcassets */ = {isa = PBXFileReference; lastKnownFileType = folder.assetcatalog; path = Assets.xcassets; sourceTree = "<group>"; };
		3AF67A6225A64DBF00D360A7 /* Preview Assets.xcassets */ = {isa = PBXFileReference; lastKnownFileType = folder.assetcatalog; path = "Preview Assets.xcassets"; sourceTree = "<group>"; };
		3AF67A6425A64DBF00D360A7 /* Info.plist */ = {isa = PBXFileReference; lastKnownFileType = text.plist.xml; path = Info.plist; sourceTree = "<group>"; };
		3AF67A6925A64DBF00D360A7 /* VideoPlayerSwiftUITests.xctest */ = {isa = PBXFileReference; explicitFileType = wrapper.cfbundle; includeInIndex = 0; path = VideoPlayerSwiftUITests.xctest; sourceTree = BUILT_PRODUCTS_DIR; };
		3AF67A6D25A64DBF00D360A7 /* VideoPlayerSwiftUITests.swift */ = {isa = PBXFileReference; lastKnownFileType = sourcecode.swift; path = VideoPlayerSwiftUITests.swift; sourceTree = "<group>"; };
		3AF67A6F25A64DBF00D360A7 /* Info.plist */ = {isa = PBXFileReference; lastKnownFileType = text.plist.xml; path = Info.plist; sourceTree = "<group>"; };
		3AF67A7425A64DBF00D360A7 /* VideoPlayerSwiftUIUITests.xctest */ = {isa = PBXFileReference; explicitFileType = wrapper.cfbundle; includeInIndex = 0; path = VideoPlayerSwiftUIUITests.xctest; sourceTree = BUILT_PRODUCTS_DIR; };
		3AF67A7825A64DBF00D360A7 /* VideoPlayerSwiftUIUITests.swift */ = {isa = PBXFileReference; lastKnownFileType = sourcecode.swift; path = VideoPlayerSwiftUIUITests.swift; sourceTree = "<group>"; };
		3AF67A7A25A64DBF00D360A7 /* Info.plist */ = {isa = PBXFileReference; lastKnownFileType = text.plist.xml; path = Info.plist; sourceTree = "<group>"; };
		3F0A4406494C6BC8AF4AC50B /* Pods_VideoPlayerSwiftUI_VideoPlayerSwiftUIUITests.framework */ = {isa = PBXFileReference; explicitFileType = wrapper.framework; includeInIndex = 0; path = Pods_VideoPlayerSwiftUI_VideoPlayerSwiftUIUITests.framework; sourceTree = BUILT_PRODUCTS_DIR; };
		53F1E7E60C1D649B4EC3C94E /* Pods-VideoPlayerSwiftUI.release.xcconfig */ = {isa = PBXFileReference; includeInIndex = 1; lastKnownFileType = text.xcconfig; name = "Pods-VideoPlayerSwiftUI.release.xcconfig"; path = "Target Support Files/Pods-VideoPlayerSwiftUI/Pods-VideoPlayerSwiftUI.release.xcconfig"; sourceTree = "<group>"; };
		5A7477D87156E60F1CEA8BB9 /* Pods-VideoPlayerSwiftUI-VideoPlayerSwiftUIUITests.debug.xcconfig */ = {isa = PBXFileReference; includeInIndex = 1; lastKnownFileType = text.xcconfig; name = "Pods-VideoPlayerSwiftUI-VideoPlayerSwiftUIUITests.debug.xcconfig"; path = "Target Support Files/Pods-VideoPlayerSwiftUI-VideoPlayerSwiftUIUITests/Pods-VideoPlayerSwiftUI-VideoPlayerSwiftUIUITests.debug.xcconfig"; sourceTree = "<group>"; };
		88D33E5B408A29891E5B7CD2 /* Pods_VideoPlayerSwiftUITests.framework */ = {isa = PBXFileReference; explicitFileType = wrapper.framework; includeInIndex = 0; path = Pods_VideoPlayerSwiftUITests.framework; sourceTree = BUILT_PRODUCTS_DIR; };
		9E3145602BBA5CD6008FA113 /* Video.swift */ = {isa = PBXFileReference; lastKnownFileType = sourcecode.swift; path = Video.swift; sourceTree = "<group>"; };
		9E3145652BBA5F42008FA113 /* SampleJSON.swift */ = {isa = PBXFileReference; lastKnownFileType = sourcecode.swift; path = SampleJSON.swift; sourceTree = "<group>"; };
		9E3145962BBB13F8008FA113 /* VideoPlayerSwiftUI-staging.app */ = {isa = PBXFileReference; explicitFileType = wrapper.application; includeInIndex = 0; path = "VideoPlayerSwiftUI-staging.app"; sourceTree = BUILT_PRODUCTS_DIR; };
		9E3145972BBB13F8008FA113 /* VideoPlayerSwiftUI-production copy-Info.plist */ = {isa = PBXFileReference; lastKnownFileType = text.plist.xml; name = "VideoPlayerSwiftUI-production copy-Info.plist"; path = "/Users/jamesryu/Documents/Projects/native-app-dev-2022-04-main-3/ios/VideoPlayerSwiftUI/VideoPlayerSwiftUI-production copy-Info.plist"; sourceTree = "<absolute>"; };
		9E3145992BBB175C008FA113 /* VideoService.swift */ = {isa = PBXFileReference; lastKnownFileType = sourcecode.swift; path = VideoService.swift; sourceTree = "<group>"; };
		9E31459C2BBB5A0E008FA113 /* VideoServiceError.swift */ = {isa = PBXFileReference; lastKnownFileType = sourcecode.swift; path = VideoServiceError.swift; sourceTree = "<group>"; };
		9E31459F2BBB5A55008FA113 /* DataProvider.swift */ = {isa = PBXFileReference; lastKnownFileType = sourcecode.swift; path = DataProvider.swift; sourceTree = "<group>"; };
		9E3145A22BBB5A66008FA113 /* StagingDataProvider.swift */ = {isa = PBXFileReference; lastKnownFileType = sourcecode.swift; path = StagingDataProvider.swift; sourceTree = "<group>"; };
		9E3145A52BBB5A85008FA113 /* ProductionDataProvider.swift */ = {isa = PBXFileReference; lastKnownFileType = sourcecode.swift; path = ProductionDataProvider.swift; sourceTree = "<group>"; };
		9E3145A92BBBCDFE008FA113 /* AVPlayerView.swift */ = {isa = PBXFileReference; lastKnownFileType = sourcecode.swift; path = AVPlayerView.swift; sourceTree = "<group>"; };
		9E3145AC2BBBCEAE008FA113 /* VideoPlayerControlsView.swift */ = {isa = PBXFileReference; lastKnownFileType = sourcecode.swift; path = VideoPlayerControlsView.swift; sourceTree = "<group>"; };
		9E3145B02BBBF391008FA113 /* AttributedTextView.swift */ = {isa = PBXFileReference; lastKnownFileType = sourcecode.swift; path = AttributedTextView.swift; sourceTree = "<group>"; };
		9E3145B42BBC8325008FA113 /* ContentViewModel.swift */ = {isa = PBXFileReference; lastKnownFileType = sourcecode.swift; path = ContentViewModel.swift; sourceTree = "<group>"; };
		BDCD1E5DA3A558526600FBF1 /* Pods-VideoPlayerSwiftUI.debug.xcconfig */ = {isa = PBXFileReference; includeInIndex = 1; lastKnownFileType = text.xcconfig; name = "Pods-VideoPlayerSwiftUI.debug.xcconfig"; path = "Target Support Files/Pods-VideoPlayerSwiftUI/Pods-VideoPlayerSwiftUI.debug.xcconfig"; sourceTree = "<group>"; };
		D0E2130198B1E78F16256AD9 /* Pods-VideoPlayerSwiftUI-VideoPlayerSwiftUIUITests.release.xcconfig */ = {isa = PBXFileReference; includeInIndex = 1; lastKnownFileType = text.xcconfig; name = "Pods-VideoPlayerSwiftUI-VideoPlayerSwiftUIUITests.release.xcconfig"; path = "Target Support Files/Pods-VideoPlayerSwiftUI-VideoPlayerSwiftUIUITests/Pods-VideoPlayerSwiftUI-VideoPlayerSwiftUIUITests.release.xcconfig"; sourceTree = "<group>"; };
		DE33628C4AF9AD91B31935EE /* Pods-VideoPlayerSwiftUITests.debug.xcconfig */ = {isa = PBXFileReference; includeInIndex = 1; lastKnownFileType = text.xcconfig; name = "Pods-VideoPlayerSwiftUITests.debug.xcconfig"; path = "Target Support Files/Pods-VideoPlayerSwiftUITests/Pods-VideoPlayerSwiftUITests.debug.xcconfig"; sourceTree = "<group>"; };
		E3FF0A1D832B338A6E214FAA /* Pods-VideoPlayerSwiftUITests.release.xcconfig */ = {isa = PBXFileReference; includeInIndex = 1; lastKnownFileType = text.xcconfig; name = "Pods-VideoPlayerSwiftUITests.release.xcconfig"; path = "Target Support Files/Pods-VideoPlayerSwiftUITests/Pods-VideoPlayerSwiftUITests.release.xcconfig"; sourceTree = "<group>"; };
		ED1B5E55B36EAE7FDDB78A2A /* Pods_VideoPlayerSwiftUI.framework */ = {isa = PBXFileReference; explicitFileType = wrapper.framework; includeInIndex = 0; path = Pods_VideoPlayerSwiftUI.framework; sourceTree = BUILT_PRODUCTS_DIR; };
/* End PBXFileReference section */

/* Begin PBXFrameworksBuildPhase section */
		3AF67A5525A64DBD00D360A7 /* Frameworks */ = {
			isa = PBXFrameworksBuildPhase;
			buildActionMask = 2147483647;
			files = (
				785A57470110DE3B332BF242 /* Pods_VideoPlayerSwiftUI.framework in Frameworks */,
			);
			runOnlyForDeploymentPostprocessing = 0;
		};
		3AF67A6625A64DBF00D360A7 /* Frameworks */ = {
			isa = PBXFrameworksBuildPhase;
			buildActionMask = 2147483647;
			files = (
				A4D0518813BFDCF21E4386CD /* Pods_VideoPlayerSwiftUITests.framework in Frameworks */,
			);
			runOnlyForDeploymentPostprocessing = 0;
		};
		3AF67A7125A64DBF00D360A7 /* Frameworks */ = {
			isa = PBXFrameworksBuildPhase;
			buildActionMask = 2147483647;
			files = (
				767D452A4CBCD4A5F529FE5B /* Pods_VideoPlayerSwiftUI_VideoPlayerSwiftUIUITests.framework in Frameworks */,
			);
			runOnlyForDeploymentPostprocessing = 0;
		};
		9E31458D2BBB13F8008FA113 /* Frameworks */ = {
			isa = PBXFrameworksBuildPhase;
			buildActionMask = 2147483647;
			files = (
				9E31458E2BBB13F8008FA113 /* Pods_VideoPlayerSwiftUI.framework in Frameworks */,
			);
			runOnlyForDeploymentPostprocessing = 0;
		};
/* End PBXFrameworksBuildPhase section */

/* Begin PBXGroup section */
		13495F4D6A15438148C992DB /* Pods */ = {
			isa = PBXGroup;
			children = (
				BDCD1E5DA3A558526600FBF1 /* Pods-VideoPlayerSwiftUI.debug.xcconfig */,
				53F1E7E60C1D649B4EC3C94E /* Pods-VideoPlayerSwiftUI.release.xcconfig */,
				5A7477D87156E60F1CEA8BB9 /* Pods-VideoPlayerSwiftUI-VideoPlayerSwiftUIUITests.debug.xcconfig */,
				D0E2130198B1E78F16256AD9 /* Pods-VideoPlayerSwiftUI-VideoPlayerSwiftUIUITests.release.xcconfig */,
				DE33628C4AF9AD91B31935EE /* Pods-VideoPlayerSwiftUITests.debug.xcconfig */,
				E3FF0A1D832B338A6E214FAA /* Pods-VideoPlayerSwiftUITests.release.xcconfig */,
			);
			path = Pods;
			sourceTree = "<group>";
		};
		2A9C7C3174FAFFA7E66D4AA0 /* Frameworks */ = {
			isa = PBXGroup;
			children = (
				ED1B5E55B36EAE7FDDB78A2A /* Pods_VideoPlayerSwiftUI.framework */,
				3F0A4406494C6BC8AF4AC50B /* Pods_VideoPlayerSwiftUI_VideoPlayerSwiftUIUITests.framework */,
				88D33E5B408A29891E5B7CD2 /* Pods_VideoPlayerSwiftUITests.framework */,
			);
			name = Frameworks;
			sourceTree = "<group>";
		};
		3AF67A4F25A64DBD00D360A7 = {
			isa = PBXGroup;
			children = (
				3AF67A5A25A64DBD00D360A7 /* VideoPlayerSwiftUI */,
				3AF67A6C25A64DBF00D360A7 /* VideoPlayerSwiftUITests */,
				3AF67A7725A64DBF00D360A7 /* VideoPlayerSwiftUIUITests */,
				3AF67A5925A64DBD00D360A7 /* Products */,
				13495F4D6A15438148C992DB /* Pods */,
				2A9C7C3174FAFFA7E66D4AA0 /* Frameworks */,
				9E3145972BBB13F8008FA113 /* VideoPlayerSwiftUI-production copy-Info.plist */,
			);
			sourceTree = "<group>";
		};
		3AF67A5925A64DBD00D360A7 /* Products */ = {
			isa = PBXGroup;
			children = (
				3AF67A5825A64DBD00D360A7 /* VideoPlayerSwiftUI-production.app */,
				3AF67A6925A64DBF00D360A7 /* VideoPlayerSwiftUITests.xctest */,
				3AF67A7425A64DBF00D360A7 /* VideoPlayerSwiftUIUITests.xctest */,
				9E3145962BBB13F8008FA113 /* VideoPlayerSwiftUI-staging.app */,
			);
			name = Products;
			sourceTree = "<group>";
		};
		3AF67A5A25A64DBD00D360A7 /* VideoPlayerSwiftUI */ = {
			isa = PBXGroup;
			children = (
				9E3145B32BBC8318008FA113 /* ViewModels */,
				9E3145AF2BBBF385008FA113 /* Views */,
				9E3145A82BBBCDF4008FA113 /* VideoPlayer */,
				9E3145982BBB1710008FA113 /* Networking */,
				9E3145622BBA5EB7008FA113 /* Resources */,
				9E31455F2BBA5CB8008FA113 /* Models */,
				3AF67A5B25A64DBD00D360A7 /* VideoPlayerSwiftUIApp.swift */,
				3AF67A5D25A64DBD00D360A7 /* ContentView.swift */,
				3AF67A5F25A64DBF00D360A7 /* Assets.xcassets */,
				3AF67A6425A64DBF00D360A7 /* Info.plist */,
				3AF67A6125A64DBF00D360A7 /* Preview Content */,
			);
			path = VideoPlayerSwiftUI;
			sourceTree = "<group>";
		};
		3AF67A6125A64DBF00D360A7 /* Preview Content */ = {
			isa = PBXGroup;
			children = (
				3AF67A6225A64DBF00D360A7 /* Preview Assets.xcassets */,
			);
			path = "Preview Content";
			sourceTree = "<group>";
		};
		3AF67A6C25A64DBF00D360A7 /* VideoPlayerSwiftUITests */ = {
			isa = PBXGroup;
			children = (
				3AF67A6D25A64DBF00D360A7 /* VideoPlayerSwiftUITests.swift */,
				3AF67A6F25A64DBF00D360A7 /* Info.plist */,
			);
			path = VideoPlayerSwiftUITests;
			sourceTree = "<group>";
		};
		3AF67A7725A64DBF00D360A7 /* VideoPlayerSwiftUIUITests */ = {
			isa = PBXGroup;
			children = (
				3AF67A7825A64DBF00D360A7 /* VideoPlayerSwiftUIUITests.swift */,
				3AF67A7A25A64DBF00D360A7 /* Info.plist */,
			);
			path = VideoPlayerSwiftUIUITests;
			sourceTree = "<group>";
		};
		9E31455F2BBA5CB8008FA113 /* Models */ = {
			isa = PBXGroup;
			children = (
				9E3145602BBA5CD6008FA113 /* Video.swift */,
			);
			path = Models;
			sourceTree = "<group>";
		};
		9E3145622BBA5EB7008FA113 /* Resources */ = {
			isa = PBXGroup;
			children = (
				9E3145652BBA5F42008FA113 /* SampleJSON.swift */,
			);
			path = Resources;
			sourceTree = "<group>";
		};
		9E3145982BBB1710008FA113 /* Networking */ = {
			isa = PBXGroup;
			children = (
				9E3145992BBB175C008FA113 /* VideoService.swift */,
				9E31459C2BBB5A0E008FA113 /* VideoServiceError.swift */,
				9E31459F2BBB5A55008FA113 /* DataProvider.swift */,
				9E3145A22BBB5A66008FA113 /* StagingDataProvider.swift */,
				9E3145A52BBB5A85008FA113 /* ProductionDataProvider.swift */,
			);
			path = Networking;
			sourceTree = "<group>";
		};
		9E3145A82BBBCDF4008FA113 /* VideoPlayer */ = {
			isa = PBXGroup;
			children = (
				9E3145A92BBBCDFE008FA113 /* AVPlayerView.swift */,
				9E3145AC2BBBCEAE008FA113 /* VideoPlayerControlsView.swift */,
			);
			path = VideoPlayer;
			sourceTree = "<group>";
		};
		9E3145AF2BBBF385008FA113 /* Views */ = {
			isa = PBXGroup;
			children = (
				9E3145B02BBBF391008FA113 /* AttributedTextView.swift */,
			);
			path = Views;
			sourceTree = "<group>";
		};
		9E3145B32BBC8318008FA113 /* ViewModels */ = {
			isa = PBXGroup;
			children = (
				9E3145B42BBC8325008FA113 /* ContentViewModel.swift */,
			);
			path = ViewModels;
			sourceTree = "<group>";
		};
/* End PBXGroup section */

/* Begin PBXNativeTarget section */
		3AF67A5725A64DBD00D360A7 /* VideoPlayerSwiftUI-production */ = {
			isa = PBXNativeTarget;
			buildConfigurationList = 3AF67A7D25A64DBF00D360A7 /* Build configuration list for PBXNativeTarget "VideoPlayerSwiftUI-production" */;
			buildPhases = (
				CA98837D40110506B29EC5C5 /* [CP] Check Pods Manifest.lock */,
				3AF67A5425A64DBD00D360A7 /* Sources */,
				3AF67A5525A64DBD00D360A7 /* Frameworks */,
				3AF67A5625A64DBD00D360A7 /* Resources */,
				4568168E35E81A26221EECE0 /* [CP] Embed Pods Frameworks */,
			);
			buildRules = (
			);
			dependencies = (
			);
			name = "VideoPlayerSwiftUI-production";
			productName = VideoPlayerSwiftUI;
			productReference = 3AF67A5825A64DBD00D360A7 /* VideoPlayerSwiftUI-production.app */;
			productType = "com.apple.product-type.application";
		};
		3AF67A6825A64DBF00D360A7 /* VideoPlayerSwiftUITests */ = {
			isa = PBXNativeTarget;
			buildConfigurationList = 3AF67A8025A64DBF00D360A7 /* Build configuration list for PBXNativeTarget "VideoPlayerSwiftUITests" */;
			buildPhases = (
				CEC664C409082A5D7993DB68 /* [CP] Check Pods Manifest.lock */,
				3AF67A6525A64DBF00D360A7 /* Sources */,
				3AF67A6625A64DBF00D360A7 /* Frameworks */,
				3AF67A6725A64DBF00D360A7 /* Resources */,
			);
			buildRules = (
			);
			dependencies = (
				3AF67A6B25A64DBF00D360A7 /* PBXTargetDependency */,
			);
			name = VideoPlayerSwiftUITests;
			productName = VideoPlayerSwiftUITests;
			productReference = 3AF67A6925A64DBF00D360A7 /* VideoPlayerSwiftUITests.xctest */;
			productType = "com.apple.product-type.bundle.unit-test";
		};
		3AF67A7325A64DBF00D360A7 /* VideoPlayerSwiftUIUITests */ = {
			isa = PBXNativeTarget;
			buildConfigurationList = 3AF67A8325A64DBF00D360A7 /* Build configuration list for PBXNativeTarget "VideoPlayerSwiftUIUITests" */;
			buildPhases = (
				FCE017149FBDB82650069D0C /* [CP] Check Pods Manifest.lock */,
				3AF67A7025A64DBF00D360A7 /* Sources */,
				3AF67A7125A64DBF00D360A7 /* Frameworks */,
				3AF67A7225A64DBF00D360A7 /* Resources */,
				F4F78DE07F79E374EB6DA059 /* [CP] Embed Pods Frameworks */,
			);
			buildRules = (
			);
			dependencies = (
				3AF67A7625A64DBF00D360A7 /* PBXTargetDependency */,
			);
			name = VideoPlayerSwiftUIUITests;
			productName = VideoPlayerSwiftUIUITests;
			productReference = 3AF67A7425A64DBF00D360A7 /* VideoPlayerSwiftUIUITests.xctest */;
			productType = "com.apple.product-type.bundle.ui-testing";
		};
		9E3145862BBB13F8008FA113 /* VideoPlayerSwiftUI-staging */ = {
			isa = PBXNativeTarget;
			buildConfigurationList = 9E3145932BBB13F8008FA113 /* Build configuration list for PBXNativeTarget "VideoPlayerSwiftUI-staging" */;
			buildPhases = (
				9E3145872BBB13F8008FA113 /* [CP] Check Pods Manifest.lock */,
				9E3145882BBB13F8008FA113 /* Sources */,
				9E31458D2BBB13F8008FA113 /* Frameworks */,
				9E31458F2BBB13F8008FA113 /* Resources */,
				9E3145922BBB13F8008FA113 /* [CP] Embed Pods Frameworks */,
			);
			buildRules = (
			);
			dependencies = (
			);
			name = "VideoPlayerSwiftUI-staging";
			productName = VideoPlayerSwiftUI;
			productReference = 9E3145962BBB13F8008FA113 /* VideoPlayerSwiftUI-staging.app */;
			productType = "com.apple.product-type.application";
		};
/* End PBXNativeTarget section */

/* Begin PBXProject section */
		3AF67A5025A64DBD00D360A7 /* Project object */ = {
			isa = PBXProject;
			attributes = {
				LastSwiftUpdateCheck = 1210;
				LastUpgradeCheck = 1210;
				TargetAttributes = {
					3AF67A5725A64DBD00D360A7 = {
						CreatedOnToolsVersion = 12.1;
					};
					3AF67A6825A64DBF00D360A7 = {
						CreatedOnToolsVersion = 12.1;
						TestTargetID = 3AF67A5725A64DBD00D360A7;
					};
					3AF67A7325A64DBF00D360A7 = {
						CreatedOnToolsVersion = 12.1;
						TestTargetID = 3AF67A5725A64DBD00D360A7;
					};
				};
			};
			buildConfigurationList = 3AF67A5325A64DBD00D360A7 /* Build configuration list for PBXProject "VideoPlayerSwiftUI" */;
			compatibilityVersion = "Xcode 9.3";
			developmentRegion = en;
			hasScannedForEncodings = 0;
			knownRegions = (
				en,
				Base,
			);
			mainGroup = 3AF67A4F25A64DBD00D360A7;
			productRefGroup = 3AF67A5925A64DBD00D360A7 /* Products */;
			projectDirPath = "";
			projectRoot = "";
			targets = (
				3AF67A5725A64DBD00D360A7 /* VideoPlayerSwiftUI-production */,
				3AF67A6825A64DBF00D360A7 /* VideoPlayerSwiftUITests */,
				3AF67A7325A64DBF00D360A7 /* VideoPlayerSwiftUIUITests */,
				9E3145862BBB13F8008FA113 /* VideoPlayerSwiftUI-staging */,
			);
		};
/* End PBXProject section */

/* Begin PBXResourcesBuildPhase section */
		3AF67A5625A64DBD00D360A7 /* Resources */ = {
			isa = PBXResourcesBuildPhase;
			buildActionMask = 2147483647;
			files = (
				3AF67A6325A64DBF00D360A7 /* Preview Assets.xcassets in Resources */,
				3AF67A6025A64DBF00D360A7 /* Assets.xcassets in Resources */,
			);
			runOnlyForDeploymentPostprocessing = 0;
		};
		3AF67A6725A64DBF00D360A7 /* Resources */ = {
			isa = PBXResourcesBuildPhase;
			buildActionMask = 2147483647;
			files = (
			);
			runOnlyForDeploymentPostprocessing = 0;
		};
		3AF67A7225A64DBF00D360A7 /* Resources */ = {
			isa = PBXResourcesBuildPhase;
			buildActionMask = 2147483647;
			files = (
			);
			runOnlyForDeploymentPostprocessing = 0;
		};
		9E31458F2BBB13F8008FA113 /* Resources */ = {
			isa = PBXResourcesBuildPhase;
			buildActionMask = 2147483647;
			files = (
				9E3145902BBB13F8008FA113 /* Preview Assets.xcassets in Resources */,
				9E3145912BBB13F8008FA113 /* Assets.xcassets in Resources */,
			);
			runOnlyForDeploymentPostprocessing = 0;
		};
/* End PBXResourcesBuildPhase section */

/* Begin PBXShellScriptBuildPhase section */
		4568168E35E81A26221EECE0 /* [CP] Embed Pods Frameworks */ = {
			isa = PBXShellScriptBuildPhase;
			buildActionMask = 2147483647;
			files = (
			);
			inputFileListPaths = (
				"${PODS_ROOT}/Target Support Files/Pods-VideoPlayerSwiftUI/Pods-VideoPlayerSwiftUI-frameworks-${CONFIGURATION}-input-files.xcfilelist",
			);
			name = "[CP] Embed Pods Frameworks";
			outputFileListPaths = (
				"${PODS_ROOT}/Target Support Files/Pods-VideoPlayerSwiftUI/Pods-VideoPlayerSwiftUI-frameworks-${CONFIGURATION}-output-files.xcfilelist",
			);
			runOnlyForDeploymentPostprocessing = 0;
			shellPath = /bin/sh;
			shellScript = "\"${PODS_ROOT}/Target Support Files/Pods-VideoPlayerSwiftUI/Pods-VideoPlayerSwiftUI-frameworks.sh\"\n";
			showEnvVarsInLog = 0;
		};
		9E3145872BBB13F8008FA113 /* [CP] Check Pods Manifest.lock */ = {
			isa = PBXShellScriptBuildPhase;
			buildActionMask = 2147483647;
			files = (
			);
			inputFileListPaths = (
			);
			inputPaths = (
				"${PODS_PODFILE_DIR_PATH}/Podfile.lock",
				"${PODS_ROOT}/Manifest.lock",
			);
			name = "[CP] Check Pods Manifest.lock";
			outputFileListPaths = (
			);
			outputPaths = (
				"$(DERIVED_FILE_DIR)/Pods-VideoPlayerSwiftUI-checkManifestLockResult.txt",
			);
			runOnlyForDeploymentPostprocessing = 0;
			shellPath = /bin/sh;
			shellScript = "diff \"${PODS_PODFILE_DIR_PATH}/Podfile.lock\" \"${PODS_ROOT}/Manifest.lock\" > /dev/null\nif [ $? != 0 ] ; then\n    # print error to STDERR\n    echo \"error: The sandbox is not in sync with the Podfile.lock. Run 'pod install' or update your CocoaPods installation.\" >&2\n    exit 1\nfi\n# This output is used by Xcode 'outputs' to avoid re-running this script phase.\necho \"SUCCESS\" > \"${SCRIPT_OUTPUT_FILE_0}\"\n";
			showEnvVarsInLog = 0;
		};
		9E3145922BBB13F8008FA113 /* [CP] Embed Pods Frameworks */ = {
			isa = PBXShellScriptBuildPhase;
			buildActionMask = 2147483647;
			files = (
			);
			inputFileListPaths = (
				"${PODS_ROOT}/Target Support Files/Pods-VideoPlayerSwiftUI/Pods-VideoPlayerSwiftUI-frameworks-${CONFIGURATION}-input-files.xcfilelist",
			);
			name = "[CP] Embed Pods Frameworks";
			outputFileListPaths = (
				"${PODS_ROOT}/Target Support Files/Pods-VideoPlayerSwiftUI/Pods-VideoPlayerSwiftUI-frameworks-${CONFIGURATION}-output-files.xcfilelist",
			);
			runOnlyForDeploymentPostprocessing = 0;
			shellPath = /bin/sh;
			shellScript = "\"${PODS_ROOT}/Target Support Files/Pods-VideoPlayerSwiftUI/Pods-VideoPlayerSwiftUI-frameworks.sh\"\n";
			showEnvVarsInLog = 0;
		};
		CA98837D40110506B29EC5C5 /* [CP] Check Pods Manifest.lock */ = {
			isa = PBXShellScriptBuildPhase;
			buildActionMask = 2147483647;
			files = (
			);
			inputFileListPaths = (
			);
			inputPaths = (
				"${PODS_PODFILE_DIR_PATH}/Podfile.lock",
				"${PODS_ROOT}/Manifest.lock",
			);
			name = "[CP] Check Pods Manifest.lock";
			outputFileListPaths = (
			);
			outputPaths = (
				"$(DERIVED_FILE_DIR)/Pods-VideoPlayerSwiftUI-checkManifestLockResult.txt",
			);
			runOnlyForDeploymentPostprocessing = 0;
			shellPath = /bin/sh;
			shellScript = "diff \"${PODS_PODFILE_DIR_PATH}/Podfile.lock\" \"${PODS_ROOT}/Manifest.lock\" > /dev/null\nif [ $? != 0 ] ; then\n    # print error to STDERR\n    echo \"error: The sandbox is not in sync with the Podfile.lock. Run 'pod install' or update your CocoaPods installation.\" >&2\n    exit 1\nfi\n# This output is used by Xcode 'outputs' to avoid re-running this script phase.\necho \"SUCCESS\" > \"${SCRIPT_OUTPUT_FILE_0}\"\n";
			showEnvVarsInLog = 0;
		};
		CEC664C409082A5D7993DB68 /* [CP] Check Pods Manifest.lock */ = {
			isa = PBXShellScriptBuildPhase;
			buildActionMask = 2147483647;
			files = (
			);
			inputFileListPaths = (
			);
			inputPaths = (
				"${PODS_PODFILE_DIR_PATH}/Podfile.lock",
				"${PODS_ROOT}/Manifest.lock",
			);
			name = "[CP] Check Pods Manifest.lock";
			outputFileListPaths = (
			);
			outputPaths = (
				"$(DERIVED_FILE_DIR)/Pods-VideoPlayerSwiftUITests-checkManifestLockResult.txt",
			);
			runOnlyForDeploymentPostprocessing = 0;
			shellPath = /bin/sh;
			shellScript = "diff \"${PODS_PODFILE_DIR_PATH}/Podfile.lock\" \"${PODS_ROOT}/Manifest.lock\" > /dev/null\nif [ $? != 0 ] ; then\n    # print error to STDERR\n    echo \"error: The sandbox is not in sync with the Podfile.lock. Run 'pod install' or update your CocoaPods installation.\" >&2\n    exit 1\nfi\n# This output is used by Xcode 'outputs' to avoid re-running this script phase.\necho \"SUCCESS\" > \"${SCRIPT_OUTPUT_FILE_0}\"\n";
			showEnvVarsInLog = 0;
		};
		F4F78DE07F79E374EB6DA059 /* [CP] Embed Pods Frameworks */ = {
			isa = PBXShellScriptBuildPhase;
			buildActionMask = 2147483647;
			files = (
			);
			inputFileListPaths = (
				"${PODS_ROOT}/Target Support Files/Pods-VideoPlayerSwiftUI-VideoPlayerSwiftUIUITests/Pods-VideoPlayerSwiftUI-VideoPlayerSwiftUIUITests-frameworks-${CONFIGURATION}-input-files.xcfilelist",
			);
			name = "[CP] Embed Pods Frameworks";
			outputFileListPaths = (
				"${PODS_ROOT}/Target Support Files/Pods-VideoPlayerSwiftUI-VideoPlayerSwiftUIUITests/Pods-VideoPlayerSwiftUI-VideoPlayerSwiftUIUITests-frameworks-${CONFIGURATION}-output-files.xcfilelist",
			);
			runOnlyForDeploymentPostprocessing = 0;
			shellPath = /bin/sh;
			shellScript = "\"${PODS_ROOT}/Target Support Files/Pods-VideoPlayerSwiftUI-VideoPlayerSwiftUIUITests/Pods-VideoPlayerSwiftUI-VideoPlayerSwiftUIUITests-frameworks.sh\"\n";
			showEnvVarsInLog = 0;
		};
		FCE017149FBDB82650069D0C /* [CP] Check Pods Manifest.lock */ = {
			isa = PBXShellScriptBuildPhase;
			buildActionMask = 2147483647;
			files = (
			);
			inputFileListPaths = (
			);
			inputPaths = (
				"${PODS_PODFILE_DIR_PATH}/Podfile.lock",
				"${PODS_ROOT}/Manifest.lock",
			);
			name = "[CP] Check Pods Manifest.lock";
			outputFileListPaths = (
			);
			outputPaths = (
				"$(DERIVED_FILE_DIR)/Pods-VideoPlayerSwiftUI-VideoPlayerSwiftUIUITests-checkManifestLockResult.txt",
			);
			runOnlyForDeploymentPostprocessing = 0;
			shellPath = /bin/sh;
			shellScript = "diff \"${PODS_PODFILE_DIR_PATH}/Podfile.lock\" \"${PODS_ROOT}/Manifest.lock\" > /dev/null\nif [ $? != 0 ] ; then\n    # print error to STDERR\n    echo \"error: The sandbox is not in sync with the Podfile.lock. Run 'pod install' or update your CocoaPods installation.\" >&2\n    exit 1\nfi\n# This output is used by Xcode 'outputs' to avoid re-running this script phase.\necho \"SUCCESS\" > \"${SCRIPT_OUTPUT_FILE_0}\"\n";
			showEnvVarsInLog = 0;
		};
/* End PBXShellScriptBuildPhase section */

/* Begin PBXSourcesBuildPhase section */
		3AF67A5425A64DBD00D360A7 /* Sources */ = {
			isa = PBXSourcesBuildPhase;
			buildActionMask = 2147483647;
			files = (
				9E31459D2BBB5A0E008FA113 /* VideoServiceError.swift in Sources */,
				9E3145B52BBC8325008FA113 /* ContentViewModel.swift in Sources */,
				3AF67A5E25A64DBD00D360A7 /* ContentView.swift in Sources */,
				9E3145612BBA5CD6008FA113 /* Video.swift in Sources */,
				9E3145A02BBB5A55008FA113 /* DataProvider.swift in Sources */,
				9E3145AA2BBBCDFE008FA113 /* AVPlayerView.swift in Sources */,
				9E3145A62BBB5A85008FA113 /* ProductionDataProvider.swift in Sources */,
				3AF67A5C25A64DBD00D360A7 /* VideoPlayerSwiftUIApp.swift in Sources */,
				9E3145B12BBBF391008FA113 /* AttributedTextView.swift in Sources */,
				9E3145662BBA5F42008FA113 /* SampleJSON.swift in Sources */,
				9E3145A32BBB5A66008FA113 /* StagingDataProvider.swift in Sources */,
				9E3145AD2BBBCEAE008FA113 /* VideoPlayerControlsView.swift in Sources */,
				9E31459A2BBB175C008FA113 /* VideoService.swift in Sources */,
			);
			runOnlyForDeploymentPostprocessing = 0;
		};
		3AF67A6525A64DBF00D360A7 /* Sources */ = {
			isa = PBXSourcesBuildPhase;
			buildActionMask = 2147483647;
			files = (
				3AF67A6E25A64DBF00D360A7 /* VideoPlayerSwiftUITests.swift in Sources */,
			);
			runOnlyForDeploymentPostprocessing = 0;
		};
		3AF67A7025A64DBF00D360A7 /* Sources */ = {
			isa = PBXSourcesBuildPhase;
			buildActionMask = 2147483647;
			files = (
				3AF67A7925A64DBF00D360A7 /* VideoPlayerSwiftUIUITests.swift in Sources */,
			);
			runOnlyForDeploymentPostprocessing = 0;
		};
		9E3145882BBB13F8008FA113 /* Sources */ = {
			isa = PBXSourcesBuildPhase;
			buildActionMask = 2147483647;
			files = (
				9E31459E2BBB5A40008FA113 /* VideoServiceError.swift in Sources */,
				9E3145B62BBC8325008FA113 /* ContentViewModel.swift in Sources */,
				9E3145892BBB13F8008FA113 /* ContentView.swift in Sources */,
				9E31458A2BBB13F8008FA113 /* Video.swift in Sources */,
				9E3145A12BBB5A55008FA113 /* DataProvider.swift in Sources */,
				9E3145AB2BBBCDFE008FA113 /* AVPlayerView.swift in Sources */,
				9E3145A72BBB5A85008FA113 /* ProductionDataProvider.swift in Sources */,
				9E31458B2BBB13F8008FA113 /* VideoPlayerSwiftUIApp.swift in Sources */,
				9E3145B22BBBF3C1008FA113 /* AttributedTextView.swift in Sources */,
				9E31458C2BBB13F8008FA113 /* SampleJSON.swift in Sources */,
				9E3145A42BBB5A66008FA113 /* StagingDataProvider.swift in Sources */,
				9E3145AE2BBBCEAE008FA113 /* VideoPlayerControlsView.swift in Sources */,
				9E31459B2BBB1C41008FA113 /* VideoService.swift in Sources */,
			);
			runOnlyForDeploymentPostprocessing = 0;
		};
/* End PBXSourcesBuildPhase section */

/* Begin PBXTargetDependency section */
		3AF67A6B25A64DBF00D360A7 /* PBXTargetDependency */ = {
			isa = PBXTargetDependency;
			target = 3AF67A5725A64DBD00D360A7 /* VideoPlayerSwiftUI-production */;
			targetProxy = 3AF67A6A25A64DBF00D360A7 /* PBXContainerItemProxy */;
		};
		3AF67A7625A64DBF00D360A7 /* PBXTargetDependency */ = {
			isa = PBXTargetDependency;
			target = 3AF67A5725A64DBD00D360A7 /* VideoPlayerSwiftUI-production */;
			targetProxy = 3AF67A7525A64DBF00D360A7 /* PBXContainerItemProxy */;
		};
/* End PBXTargetDependency section */

/* Begin XCBuildConfiguration section */
		3AF67A7B25A64DBF00D360A7 /* Debug */ = {
			isa = XCBuildConfiguration;
			buildSettings = {
				ALWAYS_SEARCH_USER_PATHS = NO;
				CLANG_ANALYZER_NONNULL = YES;
				CLANG_ANALYZER_NUMBER_OBJECT_CONVERSION = YES_AGGRESSIVE;
				CLANG_CXX_LANGUAGE_STANDARD = "gnu++14";
				CLANG_CXX_LIBRARY = "libc++";
				CLANG_ENABLE_MODULES = YES;
				CLANG_ENABLE_OBJC_ARC = YES;
				CLANG_ENABLE_OBJC_WEAK = YES;
				CLANG_WARN_BLOCK_CAPTURE_AUTORELEASING = YES;
				CLANG_WARN_BOOL_CONVERSION = YES;
				CLANG_WARN_COMMA = YES;
				CLANG_WARN_CONSTANT_CONVERSION = YES;
				CLANG_WARN_DEPRECATED_OBJC_IMPLEMENTATIONS = YES;
				CLANG_WARN_DIRECT_OBJC_ISA_USAGE = YES_ERROR;
				CLANG_WARN_DOCUMENTATION_COMMENTS = YES;
				CLANG_WARN_EMPTY_BODY = YES;
				CLANG_WARN_ENUM_CONVERSION = YES;
				CLANG_WARN_INFINITE_RECURSION = YES;
				CLANG_WARN_INT_CONVERSION = YES;
				CLANG_WARN_NON_LITERAL_NULL_CONVERSION = YES;
				CLANG_WARN_OBJC_IMPLICIT_RETAIN_SELF = YES;
				CLANG_WARN_OBJC_LITERAL_CONVERSION = YES;
				CLANG_WARN_OBJC_ROOT_CLASS = YES_ERROR;
				CLANG_WARN_QUOTED_INCLUDE_IN_FRAMEWORK_HEADER = YES;
				CLANG_WARN_RANGE_LOOP_ANALYSIS = YES;
				CLANG_WARN_STRICT_PROTOTYPES = YES;
				CLANG_WARN_SUSPICIOUS_MOVE = YES;
				CLANG_WARN_UNGUARDED_AVAILABILITY = YES_AGGRESSIVE;
				CLANG_WARN_UNREACHABLE_CODE = YES;
				CLANG_WARN__DUPLICATE_METHOD_MATCH = YES;
				COPY_PHASE_STRIP = NO;
				DEBUG_INFORMATION_FORMAT = dwarf;
				ENABLE_STRICT_OBJC_MSGSEND = YES;
				ENABLE_TESTABILITY = YES;
				GCC_C_LANGUAGE_STANDARD = gnu11;
				GCC_DYNAMIC_NO_PIC = NO;
				GCC_NO_COMMON_BLOCKS = YES;
				GCC_OPTIMIZATION_LEVEL = 0;
				GCC_PREPROCESSOR_DEFINITIONS = (
					"DEBUG=1",
					"$(inherited)",
				);
				GCC_WARN_64_TO_32_BIT_CONVERSION = YES;
				GCC_WARN_ABOUT_RETURN_TYPE = YES_ERROR;
				GCC_WARN_UNDECLARED_SELECTOR = YES;
				GCC_WARN_UNINITIALIZED_AUTOS = YES_AGGRESSIVE;
				GCC_WARN_UNUSED_FUNCTION = YES;
				GCC_WARN_UNUSED_VARIABLE = YES;
				IPHONEOS_DEPLOYMENT_TARGET = 14.1;
				MTL_ENABLE_DEBUG_INFO = INCLUDE_SOURCE;
				MTL_FAST_MATH = YES;
				ONLY_ACTIVE_ARCH = YES;
				SDKROOT = iphoneos;
				SWIFT_ACTIVE_COMPILATION_CONDITIONS = DEBUG;
				SWIFT_OPTIMIZATION_LEVEL = "-Onone";
			};
			name = Debug;
		};
		3AF67A7C25A64DBF00D360A7 /* Release */ = {
			isa = XCBuildConfiguration;
			buildSettings = {
				ALWAYS_SEARCH_USER_PATHS = NO;
				CLANG_ANALYZER_NONNULL = YES;
				CLANG_ANALYZER_NUMBER_OBJECT_CONVERSION = YES_AGGRESSIVE;
				CLANG_CXX_LANGUAGE_STANDARD = "gnu++14";
				CLANG_CXX_LIBRARY = "libc++";
				CLANG_ENABLE_MODULES = YES;
				CLANG_ENABLE_OBJC_ARC = YES;
				CLANG_ENABLE_OBJC_WEAK = YES;
				CLANG_WARN_BLOCK_CAPTURE_AUTORELEASING = YES;
				CLANG_WARN_BOOL_CONVERSION = YES;
				CLANG_WARN_COMMA = YES;
				CLANG_WARN_CONSTANT_CONVERSION = YES;
				CLANG_WARN_DEPRECATED_OBJC_IMPLEMENTATIONS = YES;
				CLANG_WARN_DIRECT_OBJC_ISA_USAGE = YES_ERROR;
				CLANG_WARN_DOCUMENTATION_COMMENTS = YES;
				CLANG_WARN_EMPTY_BODY = YES;
				CLANG_WARN_ENUM_CONVERSION = YES;
				CLANG_WARN_INFINITE_RECURSION = YES;
				CLANG_WARN_INT_CONVERSION = YES;
				CLANG_WARN_NON_LITERAL_NULL_CONVERSION = YES;
				CLANG_WARN_OBJC_IMPLICIT_RETAIN_SELF = YES;
				CLANG_WARN_OBJC_LITERAL_CONVERSION = YES;
				CLANG_WARN_OBJC_ROOT_CLASS = YES_ERROR;
				CLANG_WARN_QUOTED_INCLUDE_IN_FRAMEWORK_HEADER = YES;
				CLANG_WARN_RANGE_LOOP_ANALYSIS = YES;
				CLANG_WARN_STRICT_PROTOTYPES = YES;
				CLANG_WARN_SUSPICIOUS_MOVE = YES;
				CLANG_WARN_UNGUARDED_AVAILABILITY = YES_AGGRESSIVE;
				CLANG_WARN_UNREACHABLE_CODE = YES;
				CLANG_WARN__DUPLICATE_METHOD_MATCH = YES;
				COPY_PHASE_STRIP = NO;
				DEBUG_INFORMATION_FORMAT = "dwarf-with-dsym";
				ENABLE_NS_ASSERTIONS = NO;
				ENABLE_STRICT_OBJC_MSGSEND = YES;
				GCC_C_LANGUAGE_STANDARD = gnu11;
				GCC_NO_COMMON_BLOCKS = YES;
				GCC_WARN_64_TO_32_BIT_CONVERSION = YES;
				GCC_WARN_ABOUT_RETURN_TYPE = YES_ERROR;
				GCC_WARN_UNDECLARED_SELECTOR = YES;
				GCC_WARN_UNINITIALIZED_AUTOS = YES_AGGRESSIVE;
				GCC_WARN_UNUSED_FUNCTION = YES;
				GCC_WARN_UNUSED_VARIABLE = YES;
				IPHONEOS_DEPLOYMENT_TARGET = 14.1;
				MTL_ENABLE_DEBUG_INFO = NO;
				MTL_FAST_MATH = YES;
				SDKROOT = iphoneos;
				SWIFT_COMPILATION_MODE = wholemodule;
				SWIFT_OPTIMIZATION_LEVEL = "-O";
				VALIDATE_PRODUCT = YES;
			};
			name = Release;
		};
		3AF67A7E25A64DBF00D360A7 /* Debug */ = {
			isa = XCBuildConfiguration;
			baseConfigurationReference = BDCD1E5DA3A558526600FBF1 /* Pods-VideoPlayerSwiftUI.debug.xcconfig */;
			buildSettings = {
				ASSETCATALOG_COMPILER_APPICON_NAME = AppIcon;
				ASSETCATALOG_COMPILER_GLOBAL_ACCENT_COLOR_NAME = AccentColor;
				CODE_SIGN_STYLE = Automatic;
				DEVELOPMENT_ASSET_PATHS = "\"VideoPlayerSwiftUI/Preview Content\"";
				DEVELOPMENT_TEAM = AJ5AU9L4CQ;
				ENABLE_PREVIEWS = YES;
				INFOPLIST_FILE = VideoPlayerSwiftUI/Info.plist;
				IPHONEOS_DEPLOYMENT_TARGET = 14.0;
				LD_RUNPATH_SEARCH_PATHS = (
					"$(inherited)",
					"@executable_path/Frameworks",
				);
				PRODUCT_BUNDLE_IDENTIFIER = com.jamesryu.VideoPlayerSwiftUI;
				PRODUCT_NAME = "$(TARGET_NAME)";
				SWIFT_VERSION = 5.0;
				TARGETED_DEVICE_FAMILY = "1,2";
			};
			name = Debug;
		};
		3AF67A7F25A64DBF00D360A7 /* Release */ = {
			isa = XCBuildConfiguration;
			baseConfigurationReference = 53F1E7E60C1D649B4EC3C94E /* Pods-VideoPlayerSwiftUI.release.xcconfig */;
			buildSettings = {
				ASSETCATALOG_COMPILER_APPICON_NAME = AppIcon;
				ASSETCATALOG_COMPILER_GLOBAL_ACCENT_COLOR_NAME = AccentColor;
				CODE_SIGN_STYLE = Automatic;
				DEVELOPMENT_ASSET_PATHS = "\"VideoPlayerSwiftUI/Preview Content\"";
				DEVELOPMENT_TEAM = AJ5AU9L4CQ;
				ENABLE_PREVIEWS = YES;
				INFOPLIST_FILE = VideoPlayerSwiftUI/Info.plist;
				IPHONEOS_DEPLOYMENT_TARGET = 14.0;
				LD_RUNPATH_SEARCH_PATHS = (
					"$(inherited)",
					"@executable_path/Frameworks",
				);
				PRODUCT_BUNDLE_IDENTIFIER = com.jamesryu.VideoPlayerSwiftUI;
				PRODUCT_NAME = "$(TARGET_NAME)";
				SWIFT_VERSION = 5.0;
				TARGETED_DEVICE_FAMILY = "1,2";
			};
			name = Release;
		};
		3AF67A8125A64DBF00D360A7 /* Debug */ = {
			isa = XCBuildConfiguration;
			baseConfigurationReference = DE33628C4AF9AD91B31935EE /* Pods-VideoPlayerSwiftUITests.debug.xcconfig */;
			buildSettings = {
				ALWAYS_EMBED_SWIFT_STANDARD_LIBRARIES = YES;
				BUNDLE_LOADER = "$(TEST_HOST)";
				CODE_SIGN_STYLE = Automatic;
				INFOPLIST_FILE = VideoPlayerSwiftUITests/Info.plist;
				IPHONEOS_DEPLOYMENT_TARGET = 14.0;
				LD_RUNPATH_SEARCH_PATHS = (
					"$(inherited)",
					"@executable_path/Frameworks",
					"@loader_path/Frameworks",
				);
				PRODUCT_BUNDLE_IDENTIFIER = com.silverorange.VideoPlayerSwiftUITests;
				PRODUCT_NAME = "$(TARGET_NAME)";
				SWIFT_VERSION = 5.0;
				TARGETED_DEVICE_FAMILY = "1,2";
				TEST_HOST = "$(BUILT_PRODUCTS_DIR)/VideoPlayerSwiftUI.app/VideoPlayerSwiftUI";
			};
			name = Debug;
		};
		3AF67A8225A64DBF00D360A7 /* Release */ = {
			isa = XCBuildConfiguration;
			baseConfigurationReference = E3FF0A1D832B338A6E214FAA /* Pods-VideoPlayerSwiftUITests.release.xcconfig */;
			buildSettings = {
				ALWAYS_EMBED_SWIFT_STANDARD_LIBRARIES = YES;
				BUNDLE_LOADER = "$(TEST_HOST)";
				CODE_SIGN_STYLE = Automatic;
				INFOPLIST_FILE = VideoPlayerSwiftUITests/Info.plist;
				IPHONEOS_DEPLOYMENT_TARGET = 14.0;
				LD_RUNPATH_SEARCH_PATHS = (
					"$(inherited)",
					"@executable_path/Frameworks",
					"@loader_path/Frameworks",
				);
				PRODUCT_BUNDLE_IDENTIFIER = com.silverorange.VideoPlayerSwiftUITests;
				PRODUCT_NAME = "$(TARGET_NAME)";
				SWIFT_VERSION = 5.0;
				TARGETED_DEVICE_FAMILY = "1,2";
				TEST_HOST = "$(BUILT_PRODUCTS_DIR)/VideoPlayerSwiftUI.app/VideoPlayerSwiftUI";
			};
			name = Release;
		};
		3AF67A8425A64DBF00D360A7 /* Debug */ = {
			isa = XCBuildConfiguration;
			baseConfigurationReference = 5A7477D87156E60F1CEA8BB9 /* Pods-VideoPlayerSwiftUI-VideoPlayerSwiftUIUITests.debug.xcconfig */;
			buildSettings = {
				ALWAYS_EMBED_SWIFT_STANDARD_LIBRARIES = YES;
				CODE_SIGN_STYLE = Automatic;
				INFOPLIST_FILE = VideoPlayerSwiftUIUITests/Info.plist;
				LD_RUNPATH_SEARCH_PATHS = (
					"$(inherited)",
					"@executable_path/Frameworks",
					"@loader_path/Frameworks",
				);
				PRODUCT_BUNDLE_IDENTIFIER = com.silverorange.VideoPlayerSwiftUIUITests;
				PRODUCT_NAME = "$(TARGET_NAME)";
				SWIFT_VERSION = 5.0;
				TARGETED_DEVICE_FAMILY = "1,2";
				TEST_TARGET_NAME = VideoPlayerSwiftUI;
			};
			name = Debug;
		};
		3AF67A8525A64DBF00D360A7 /* Release */ = {
			isa = XCBuildConfiguration;
			baseConfigurationReference = D0E2130198B1E78F16256AD9 /* Pods-VideoPlayerSwiftUI-VideoPlayerSwiftUIUITests.release.xcconfig */;
			buildSettings = {
				ALWAYS_EMBED_SWIFT_STANDARD_LIBRARIES = YES;
				CODE_SIGN_STYLE = Automatic;
				INFOPLIST_FILE = VideoPlayerSwiftUIUITests/Info.plist;
				LD_RUNPATH_SEARCH_PATHS = (
					"$(inherited)",
					"@executable_path/Frameworks",
					"@loader_path/Frameworks",
				);
				PRODUCT_BUNDLE_IDENTIFIER = com.silverorange.VideoPlayerSwiftUIUITests;
				PRODUCT_NAME = "$(TARGET_NAME)";
				SWIFT_VERSION = 5.0;
				TARGETED_DEVICE_FAMILY = "1,2";
				TEST_TARGET_NAME = VideoPlayerSwiftUI;
			};
			name = Release;
		};
		9E3145942BBB13F8008FA113 /* Debug */ = {
			isa = XCBuildConfiguration;
			baseConfigurationReference = BDCD1E5DA3A558526600FBF1 /* Pods-VideoPlayerSwiftUI.debug.xcconfig */;
			buildSettings = {
				ASSETCATALOG_COMPILER_APPICON_NAME = AppIcon;
				ASSETCATALOG_COMPILER_GLOBAL_ACCENT_COLOR_NAME = AccentColor;
				CODE_SIGN_STYLE = Automatic;
				DEVELOPMENT_ASSET_PATHS = "\"VideoPlayerSwiftUI/Preview Content\"";
				DEVELOPMENT_TEAM = AJ5AU9L4CQ;
				ENABLE_PREVIEWS = YES;
				INFOPLIST_FILE = "VideoPlayerSwiftUI-production copy-Info.plist";
				IPHONEOS_DEPLOYMENT_TARGET = 14.0;
				LD_RUNPATH_SEARCH_PATHS = (
					"$(inherited)",
					"@executable_path/Frameworks",
				);
				PRODUCT_BUNDLE_IDENTIFIER = com.jamesryu.VideoPlayerSwiftUI;
				PRODUCT_NAME = "$(TARGET_NAME)";
				SWIFT_VERSION = 5.0;
				TARGETED_DEVICE_FAMILY = "1,2";
			};
			name = Debug;
		};
		9E3145952BBB13F8008FA113 /* Release */ = {
			isa = XCBuildConfiguration;
			baseConfigurationReference = 53F1E7E60C1D649B4EC3C94E /* Pods-VideoPlayerSwiftUI.release.xcconfig */;
			buildSettings = {
				ASSETCATALOG_COMPILER_APPICON_NAME = AppIcon;
				ASSETCATALOG_COMPILER_GLOBAL_ACCENT_COLOR_NAME = AccentColor;
				CODE_SIGN_STYLE = Automatic;
				DEVELOPMENT_ASSET_PATHS = "\"VideoPlayerSwiftUI/Preview Content\"";
				DEVELOPMENT_TEAM = AJ5AU9L4CQ;
				ENABLE_PREVIEWS = YES;
				INFOPLIST_FILE = "VideoPlayerSwiftUI-production copy-Info.plist";
				IPHONEOS_DEPLOYMENT_TARGET = 14.0;
				LD_RUNPATH_SEARCH_PATHS = (
					"$(inherited)",
					"@executable_path/Frameworks",
				);
				PRODUCT_BUNDLE_IDENTIFIER = com.jamesryu.VideoPlayerSwiftUI;
				PRODUCT_NAME = "$(TARGET_NAME)";
				SWIFT_VERSION = 5.0;
				TARGETED_DEVICE_FAMILY = "1,2";
			};
			name = Release;
		};
/* End XCBuildConfiguration section */

/* Begin XCConfigurationList section */
		3AF67A5325A64DBD00D360A7 /* Build configuration list for PBXProject "VideoPlayerSwiftUI" */ = {
			isa = XCConfigurationList;
			buildConfigurations = (
				3AF67A7B25A64DBF00D360A7 /* Debug */,
				3AF67A7C25A64DBF00D360A7 /* Release */,
			);
			defaultConfigurationIsVisible = 0;
			defaultConfigurationName = Release;
		};
		3AF67A7D25A64DBF00D360A7 /* Build configuration list for PBXNativeTarget "VideoPlayerSwiftUI-production" */ = {
			isa = XCConfigurationList;
			buildConfigurations = (
				3AF67A7E25A64DBF00D360A7 /* Debug */,
				3AF67A7F25A64DBF00D360A7 /* Release */,
			);
			defaultConfigurationIsVisible = 0;
			defaultConfigurationName = Release;
		};
		3AF67A8025A64DBF00D360A7 /* Build configuration list for PBXNativeTarget "VideoPlayerSwiftUITests" */ = {
			isa = XCConfigurationList;
			buildConfigurations = (
				3AF67A8125A64DBF00D360A7 /* Debug */,
				3AF67A8225A64DBF00D360A7 /* Release */,
			);
			defaultConfigurationIsVisible = 0;
			defaultConfigurationName = Release;
		};
		3AF67A8325A64DBF00D360A7 /* Build configuration list for PBXNativeTarget "VideoPlayerSwiftUIUITests" */ = {
			isa = XCConfigurationList;
			buildConfigurations = (
				3AF67A8425A64DBF00D360A7 /* Debug */,
				3AF67A8525A64DBF00D360A7 /* Release */,
			);
			defaultConfigurationIsVisible = 0;
			defaultConfigurationName = Release;
		};
		9E3145932BBB13F8008FA113 /* Build configuration list for PBXNativeTarget "VideoPlayerSwiftUI-staging" */ = {
			isa = XCConfigurationList;
			buildConfigurations = (
				9E3145942BBB13F8008FA113 /* Debug */,
				9E3145952BBB13F8008FA113 /* Release */,
			);
			defaultConfigurationIsVisible = 0;
			defaultConfigurationName = Release;
		};
/* End XCConfigurationList section */
	};
	rootObject = 3AF67A5025A64DBD00D360A7 /* Project object */;
}
